
Microsoft Visual Studio Solution File, Format Version 12.00
# Visual Studio Version 16
VisualStudioVersion = 16.0.29728.190
MinimumVisualStudioVersion = 10.0.40219.1
Project("{9A19103F-16F7-4668-BE54-9A1E7A4F7556}") = "Yellow", "Yellow\Yellow.csproj", "{FC2B2C29-87E4-4F71-84BF-B4C94E763774}"
EndProject
Project("{FAE04EC0-301F-11D3-BF4B-00C04F79EFBC}") = "Yellow.Tests", "Yellow.Tests\Yellow.Tests.csproj", "{C436B884-04BD-41A6-969F-B9D8C36FB71F}"
EndProject
Global
	GlobalSection(SolutionConfigurationPlatforms) = preSolution
		Debug|Any CPU = Debug|Any CPU
		Release|Any CPU = Release|Any CPU
	EndGlobalSection
	GlobalSection(ProjectConfigurationPlatforms) = postSolution
		{FC2B2C29-87E4-4F71-84BF-B4C94E763774}.Debug|Any CPU.ActiveCfg = Debug|Any CPU
		{FC2B2C29-87E4-4F71-84BF-B4C94E763774}.Debug|Any CPU.Build.0 = Debug|Any CPU
		{FC2B2C29-87E4-4F71-84BF-B4C94E763774}.Release|Any CPU.ActiveCfg = Release|Any CPU
		{FC2B2C29-87E4-4F71-84BF-B4C94E763774}.Release|Any CPU.Build.0 = Release|Any CPU
		{C436B884-04BD-41A6-969F-B9D8C36FB71F}.Debug|Any CPU.ActiveCfg = Debug|Any CPU
		{C436B884-04BD-41A6-969F-B9D8C36FB71F}.Debug|Any CPU.Build.0 = Debug|Any CPU
		{C436B884-04BD-41A6-969F-B9D8C36FB71F}.Release|Any CPU.ActiveCfg = Release|Any CPU
		{C436B884-04BD-41A6-969F-B9D8C36FB71F}.Release|Any CPU.Build.0 = Release|Any CPU
	EndGlobalSection
	GlobalSection(SolutionProperties) = preSolution
		HideSolutionNode = FALSE
	EndGlobalSection
	GlobalSection(ExtensibilityGlobals) = postSolution
		SolutionGuid = {296A4332-C6BC-4B0B-AF58-0E0E1D51A470}
	EndGlobalSection
EndGlobal
